github.com/daikichidaze/amivoice-caller v0.0.0-20240205043925-bc1bcf9cf148 h1:bhvWQ8Td0305ZKt/RZbcDABaTPSYwoQFBnyQLwjzT+w=
github.com/daikichidaze/amivoice-caller v0.0.0-20240205043925-bc1bcf9cf148/go.mod h1:Q3WAXuiBc8lih41oVdC3FrkjfW58IreOeM8RovvFamE=
github.com/daikichidaze/amivoice-caller v0.0.0-20240211085950-0ff54ae825b8 h1:AwOlAdtatRJn9nsAkI20Hpe6HvipKEsWA3NmdeGHelo=
github.com/daikichidaze/amivoice-caller v0.0.0-20240211085950-0ff54ae825b8/go.mod h1:Q3WAXuiBc8lih41oVdC3FrkjfW58IreOeM8RovvFamE=
